
Microsoft Visual Studio Solution File, Format Version 12.00
# Visual Studio Version 18
VisualStudioVersion = 18.0.11123.170
MinimumVisualStudioVersion = 10.0.40219.1
Project("{2150E333-8FDC-42A3-9474-1A3956D46DE8}") = "src", "src", "{F36BD266-CD75-4438-9BF9-CD91CDB18F2B}"
EndProject
Project("{FAE04EC0-301F-11D3-BF4B-00C04F79EFBC}") = "PaymentGateway.Api", "src\PaymentGateway.Api\PaymentGateway.Api.csproj", "{3CD9AAA2-2097-4874-9C40-FFDE26EE8E43}"
EndProject
Project("{2150E333-8FDC-42A3-9474-1A3956D46DE8}") = "test", "test", "{1EF69307-274F-458E-BBE8-4D390512A8C6}"
EndProject
Project("{FAE04EC0-301F-11D3-BF4B-00C04F79EFBC}") = "PaymentGateway.Api.UnitTests", "test\PaymentGateway.Api.UnitTests\PaymentGateway.Api.UnitTests.csproj", "{6F9A974C-1264-A4C6-B78E-F012F91E7F0E}"
EndProject
Project("{FAE04EC0-301F-11D3-BF4B-00C04F79EFBC}") = "PaymentGateway.Api.IntegrationTests", "test\PaymentGateway.Api.IntegrationTests\PaymentGateway.Api.IntegrationTests.csproj", "{24BE5508-ECA9-2B59-951E-93B8CA3FA2D9}"
EndProject
Global
	GlobalSection(SolutionConfigurationPlatforms) = preSolution
		Debug|Any CPU = Debug|Any CPU
		Release|Any CPU = Release|Any CPU
	EndGlobalSection
	GlobalSection(ProjectConfigurationPlatforms) = postSolution
		{3CD9AAA2-2097-4874-9C40-FFDE26EE8E43}.Debug|Any CPU.ActiveCfg = Debug|Any CPU
		{3CD9AAA2-2097-4874-9C40-FFDE26EE8E43}.Debug|Any CPU.Build.0 = Debug|Any CPU
		{3CD9AAA2-2097-4874-9C40-FFDE26EE8E43}.Release|Any CPU.ActiveCfg = Release|Any CPU
		{3CD9AAA2-2097-4874-9C40-FFDE26EE8E43}.Release|Any CPU.Build.0 = Release|Any CPU
		{6F9A974C-1264-A4C6-B78E-F012F91E7F0E}.Debug|Any CPU.ActiveCfg = Debug|Any CPU
		{6F9A974C-1264-A4C6-B78E-F012F91E7F0E}.Debug|Any CPU.Build.0 = Debug|Any CPU
		{6F9A974C-1264-A4C6-B78E-F012F91E7F0E}.Release|Any CPU.ActiveCfg = Release|Any CPU
		{6F9A974C-1264-A4C6-B78E-F012F91E7F0E}.Release|Any CPU.Build.0 = Release|Any CPU
		{24BE5508-ECA9-2B59-951E-93B8CA3FA2D9}.Debug|Any CPU.ActiveCfg = Debug|Any CPU
		{24BE5508-ECA9-2B59-951E-93B8CA3FA2D9}.Debug|Any CPU.Build.0 = Debug|Any CPU
		{24BE5508-ECA9-2B59-951E-93B8CA3FA2D9}.Release|Any CPU.ActiveCfg = Release|Any CPU
		{24BE5508-ECA9-2B59-951E-93B8CA3FA2D9}.Release|Any CPU.Build.0 = Release|Any CPU
	EndGlobalSection
	GlobalSection(SolutionProperties) = preSolution
		HideSolutionNode = FALSE
	EndGlobalSection
	GlobalSection(NestedProjects) = preSolution
		{3CD9AAA2-2097-4874-9C40-FFDE26EE8E43} = {F36BD266-CD75-4438-9BF9-CD91CDB18F2B}
		{6F9A974C-1264-A4C6-B78E-F012F91E7F0E} = {1EF69307-274F-458E-BBE8-4D390512A8C6}
		{24BE5508-ECA9-2B59-951E-93B8CA3FA2D9} = {1EF69307-274F-458E-BBE8-4D390512A8C6}
	EndGlobalSection
	GlobalSection(ExtensibilityGlobals) = postSolution
		SolutionGuid = {A16CB7CF-3501-4CC8-BD9C-4BE22CE911D9}
	EndGlobalSection
EndGlobal
